
Microsoft Visual Studio Solution File, Format Version 12.00
# Visual Studio Version 17
VisualStudioVersion = 17.0.32112.339
MinimumVisualStudioVersion = 10.0.40219.1
Project("{FAE04EC0-301F-11D3-BF4B-00C04F79EFBC}") = "CommonUtils.OraDbTb", "CommonUtils.OraDbTb\CommonUtils.OraDbTb.csproj", "{C3219A8C-0AB2-4EC0-B3B8-BE1E19B2E2D3}"
EndProject
Project("{FAE04EC0-301F-11D3-BF4B-00C04F79EFBC}") = "CommonUtils.StringTb", "CommonUtils.StringTb\CommonUtils.StringTb.csproj", "{D91AFA22-A95F-4B05-B59A-D5D6662217D8}"
EndProject
Project("{FAE04EC0-301F-11D3-BF4B-00C04F79EFBC}") = "CommonUtils.DateTb", "CommonUtils.DateTb\CommonUtils.DateTb.csproj", "{51B896EA-F485-4A0E-B7D2-7D454CDFD967}"
EndProject
Project("{FAE04EC0-301F-11D3-BF4B-00C04F79EFBC}") = "WinTestUtils", "WinTestUtils\WinTestUtils.csproj", "{DE2CD81D-51AC-41EC-A4BA-88EE066294F2}"
EndProject
Project("{FAE04EC0-301F-11D3-BF4B-00C04F79EFBC}") = "CommonUtils.Log4NetTb", "CommonUtils.Log4NetTb\CommonUtils.Log4NetTb.csproj", "{51590D48-E8C9-4FAB-8F9C-E8286E8F409D}"
EndProject
Project("{FAE04EC0-301F-11D3-BF4B-00C04F79EFBC}") = "CommonUtils.WinCompTb", "CommonUtils.WinComp.Tb\CommonUtils.WinCompTb.csproj", "{88E1E8BF-34BE-4DD4-BE81-3C37E12FB366}"
EndProject
Project("{FAE04EC0-301F-11D3-BF4B-00C04F79EFBC}") = "CommonUtils.DataLayer", "CommonUtils.DataLayer\CommonUtils.DataLayer.csproj", "{BFEC772A-0484-4F22-A02B-D862B939CE40}"
EndProject
Project("{FAE04EC0-301F-11D3-BF4B-00C04F79EFBC}") = "CommonUtils.DataGrid", "CommonUtils.DataGrid\CommonUtils.DataGrid.csproj", "{0EE5292E-1A43-444D-8C0C-E2D28FB92D8B}"
EndProject
Project("{FAE04EC0-301F-11D3-BF4B-00C04F79EFBC}") = "CommonUtils.Helpers", "CommonUtils.Helpers\CommonUtils.Helpers.csproj", "{1CACA045-8E58-4087-944A-C246A57CC41C}"
EndProject
Global
	GlobalSection(SolutionConfigurationPlatforms) = preSolution
		Debug|Any CPU = Debug|Any CPU
		Release|Any CPU = Release|Any CPU
	EndGlobalSection
	GlobalSection(ProjectConfigurationPlatforms) = postSolution
		{C3219A8C-0AB2-4EC0-B3B8-BE1E19B2E2D3}.Debug|Any CPU.ActiveCfg = Debug|Any CPU
		{C3219A8C-0AB2-4EC0-B3B8-BE1E19B2E2D3}.Debug|Any CPU.Build.0 = Debug|Any CPU
		{C3219A8C-0AB2-4EC0-B3B8-BE1E19B2E2D3}.Release|Any CPU.ActiveCfg = Release|Any CPU
		{C3219A8C-0AB2-4EC0-B3B8-BE1E19B2E2D3}.Release|Any CPU.Build.0 = Release|Any CPU
		{D91AFA22-A95F-4B05-B59A-D5D6662217D8}.Debug|Any CPU.ActiveCfg = Debug|Any CPU
		{D91AFA22-A95F-4B05-B59A-D5D6662217D8}.Debug|Any CPU.Build.0 = Debug|Any CPU
		{D91AFA22-A95F-4B05-B59A-D5D6662217D8}.Release|Any CPU.ActiveCfg = Release|Any CPU
		{D91AFA22-A95F-4B05-B59A-D5D6662217D8}.Release|Any CPU.Build.0 = Release|Any CPU
		{51B896EA-F485-4A0E-B7D2-7D454CDFD967}.Debug|Any CPU.ActiveCfg = Debug|Any CPU
		{51B896EA-F485-4A0E-B7D2-7D454CDFD967}.Debug|Any CPU.Build.0 = Debug|Any CPU
		{51B896EA-F485-4A0E-B7D2-7D454CDFD967}.Release|Any CPU.ActiveCfg = Release|Any CPU
		{51B896EA-F485-4A0E-B7D2-7D454CDFD967}.Release|Any CPU.Build.0 = Release|Any CPU
		{DE2CD81D-51AC-41EC-A4BA-88EE066294F2}.Debug|Any CPU.ActiveCfg = Debug|Any CPU
		{DE2CD81D-51AC-41EC-A4BA-88EE066294F2}.Debug|Any CPU.Build.0 = Debug|Any CPU
		{DE2CD81D-51AC-41EC-A4BA-88EE066294F2}.Release|Any CPU.ActiveCfg = Release|Any CPU
		{DE2CD81D-51AC-41EC-A4BA-88EE066294F2}.Release|Any CPU.Build.0 = Release|Any CPU
		{51590D48-E8C9-4FAB-8F9C-E8286E8F409D}.Debug|Any CPU.ActiveCfg = Debug|Any CPU
		{51590D48-E8C9-4FAB-8F9C-E8286E8F409D}.Debug|Any CPU.Build.0 = Debug|Any CPU
		{51590D48-E8C9-4FAB-8F9C-E8286E8F409D}.Release|Any CPU.ActiveCfg = Release|Any CPU
		{51590D48-E8C9-4FAB-8F9C-E8286E8F409D}.Release|Any CPU.Build.0 = Release|Any CPU
		{88E1E8BF-34BE-4DD4-BE81-3C37E12FB366}.Debug|Any CPU.ActiveCfg = Debug|Any CPU
		{88E1E8BF-34BE-4DD4-BE81-3C37E12FB366}.Debug|Any CPU.Build.0 = Debug|Any CPU
		{88E1E8BF-34BE-4DD4-BE81-3C37E12FB366}.Release|Any CPU.ActiveCfg = Release|Any CPU
		{88E1E8BF-34BE-4DD4-BE81-3C37E12FB366}.Release|Any CPU.Build.0 = Release|Any CPU
		{BFEC772A-0484-4F22-A02B-D862B939CE40}.Debug|Any CPU.ActiveCfg = Debug|Any CPU
		{BFEC772A-0484-4F22-A02B-D862B939CE40}.Debug|Any CPU.Build.0 = Debug|Any CPU
		{BFEC772A-0484-4F22-A02B-D862B939CE40}.Release|Any CPU.ActiveCfg = Release|Any CPU
		{BFEC772A-0484-4F22-A02B-D862B939CE40}.Release|Any CPU.Build.0 = Release|Any CPU
		{0EE5292E-1A43-444D-8C0C-E2D28FB92D8B}.Debug|Any CPU.ActiveCfg = Debug|Any CPU
		{0EE5292E-1A43-444D-8C0C-E2D28FB92D8B}.Debug|Any CPU.Build.0 = Debug|Any CPU
		{0EE5292E-1A43-444D-8C0C-E2D28FB92D8B}.Release|Any CPU.ActiveCfg = Release|Any CPU
		{0EE5292E-1A43-444D-8C0C-E2D28FB92D8B}.Release|Any CPU.Build.0 = Release|Any CPU
		{1CACA045-8E58-4087-944A-C246A57CC41C}.Debug|Any CPU.ActiveCfg = Debug|Any CPU
		{1CACA045-8E58-4087-944A-C246A57CC41C}.Debug|Any CPU.Build.0 = Debug|Any CPU
		{1CACA045-8E58-4087-944A-C246A57CC41C}.Release|Any CPU.ActiveCfg = Release|Any CPU
		{1CACA045-8E58-4087-944A-C246A57CC41C}.Release|Any CPU.Build.0 = Release|Any CPU
	EndGlobalSection
	GlobalSection(SolutionProperties) = preSolution
		HideSolutionNode = FALSE
	EndGlobalSection
	GlobalSection(ExtensibilityGlobals) = postSolution
		SolutionGuid = {26F73812-42E2-4B92-85C6-98CEBC7F63D4}
	EndGlobalSection
EndGlobal
